// !$*UTF8*$!
{
	archiveVersion = 1;
	classes = {
	};
	objectVersion = 56;
	objects = {

/* Begin PBXBuildFile section */
		143E77E02C6B8AF100BC0C15 /* SparTestProjectApp.swift in Sources */ = {isa = PBXBuildFile; fileRef = 143E77DF2C6B8AF100BC0C15 /* SparTestProjectApp.swift */; };
		143E77E42C6B8AF400BC0C15 /* Assets.xcassets in Resources */ = {isa = PBXBuildFile; fileRef = 143E77E32C6B8AF400BC0C15 /* Assets.xcassets */; };
		143E77E72C6B8AF400BC0C15 /* Preview Assets.xcassets in Resources */ = {isa = PBXBuildFile; fileRef = 143E77E62C6B8AF400BC0C15 /* Preview Assets.xcassets */; };
		143E77F22C6B95A100BC0C15 /* GridProductCardView.swift in Sources */ = {isa = PBXBuildFile; fileRef = 143E77F12C6B95A100BC0C15 /* GridProductCardView.swift */; };
		143E77F52C6BCE9000BC0C15 /* GridProductCardTopView.swift in Sources */ = {isa = PBXBuildFile; fileRef = 143E77F42C6BCE9000BC0C15 /* GridProductCardTopView.swift */; };
		143E77F72C6CB80F00BC0C15 /* GridProductCardBottomView.swift in Sources */ = {isa = PBXBuildFile; fileRef = 143E77F62C6CB80F00BC0C15 /* GridProductCardBottomView.swift */; };
		143E77F92C6E18DE00BC0C15 /* ProductsGrid.swift in Sources */ = {isa = PBXBuildFile; fileRef = 143E77F82C6E18DE00BC0C15 /* ProductsGrid.swift */; };
		143E77FB2C6E287D00BC0C15 /* ProductsList.swift in Sources */ = {isa = PBXBuildFile; fileRef = 143E77FA2C6E287D00BC0C15 /* ProductsList.swift */; };
		143E77FF2C6E2ADA00BC0C15 /* GridViewModel.swift in Sources */ = {isa = PBXBuildFile; fileRef = 143E77FE2C6E2ADA00BC0C15 /* GridViewModel.swift */; };
		143E78042C6E4B6600BC0C15 /* RoundedCornerShape.swift in Sources */ = {isa = PBXBuildFile; fileRef = 143E78032C6E4B6600BC0C15 /* RoundedCornerShape.swift */; };
		143E78062C6E525C00BC0C15 /* ListProductCard.swift in Sources */ = {isa = PBXBuildFile; fileRef = 143E78052C6E525C00BC0C15 /* ListProductCard.swift */; };
		143E78082C6E53BA00BC0C15 /* ListProductLeftView.swift in Sources */ = {isa = PBXBuildFile; fileRef = 143E78072C6E53BA00BC0C15 /* ListProductLeftView.swift */; };
		143E780A2C6E578D00BC0C15 /* ListProductRightView.swift in Sources */ = {isa = PBXBuildFile; fileRef = 143E78092C6E578D00BC0C15 /* ListProductRightView.swift */; };
		143E780C2C6E589600BC0C15 /* ProductModel.swift in Sources */ = {isa = PBXBuildFile; fileRef = 143E780B2C6E589600BC0C15 /* ProductModel.swift */; };
		143E780E2C6F4DFB00BC0C15 /* MainScreen.swift in Sources */ = {isa = PBXBuildFile; fileRef = 143E780D2C6F4DFB00BC0C15 /* MainScreen.swift */; };
		143E78102C6F62F100BC0C15 /* ConstraintConstants.swift in Sources */ = {isa = PBXBuildFile; fileRef = 143E780F2C6F62F100BC0C15 /* ConstraintConstants.swift */; };
		143E78122C6F638A00BC0C15 /* StringsConstants.swift in Sources */ = {isa = PBXBuildFile; fileRef = 143E78112C6F638A00BC0C15 /* StringsConstants.swift */; };
		14692E642C6F698500DD698A /* ColorsConstants.swift in Sources */ = {isa = PBXBuildFile; fileRef = 14692E632C6F698500DD698A /* ColorsConstants.swift */; };
		14692E662C6F711600DD698A /* FontConstants.swift in Sources */ = {isa = PBXBuildFile; fileRef = 14692E652C6F711600DD698A /* FontConstants.swift */; };
/* End PBXBuildFile section */

/* Begin PBXFileReference section */
		143E77DC2C6B8AF100BC0C15 /* SparTestProject.app */ = {isa = PBXFileReference; explicitFileType = wrapper.application; includeInIndex = 0; path = SparTestProject.app; sourceTree = BUILT_PRODUCTS_DIR; };
		143E77DF2C6B8AF100BC0C15 /* SparTestProjectApp.swift */ = {isa = PBXFileReference; lastKnownFileType = sourcecode.swift; path = SparTestProjectApp.swift; sourceTree = "<group>"; };
		143E77E32C6B8AF400BC0C15 /* Assets.xcassets */ = {isa = PBXFileReference; lastKnownFileType = folder.assetcatalog; path = Assets.xcassets; sourceTree = "<group>"; };
		143E77E62C6B8AF400BC0C15 /* Preview Assets.xcassets */ = {isa = PBXFileReference; lastKnownFileType = folder.assetcatalog; path = "Preview Assets.xcassets"; sourceTree = "<group>"; };
		143E77F12C6B95A100BC0C15 /* GridProductCardView.swift */ = {isa = PBXFileReference; lastKnownFileType = sourcecode.swift; path = GridProductCardView.swift; sourceTree = "<group>"; };
		143E77F42C6BCE9000BC0C15 /* GridProductCardTopView.swift */ = {isa = PBXFileReference; lastKnownFileType = sourcecode.swift; path = GridProductCardTopView.swift; sourceTree = "<group>"; };
		143E77F62C6CB80F00BC0C15 /* GridProductCardBottomView.swift */ = {isa = PBXFileReference; lastKnownFileType = sourcecode.swift; path = GridProductCardBottomView.swift; sourceTree = "<group>"; };
		143E77F82C6E18DE00BC0C15 /* ProductsGrid.swift */ = {isa = PBXFileReference; lastKnownFileType = sourcecode.swift; path = ProductsGrid.swift; sourceTree = "<group>"; };
		143E77FA2C6E287D00BC0C15 /* ProductsList.swift */ = {isa = PBXFileReference; lastKnownFileType = sourcecode.swift; path = ProductsList.swift; sourceTree = "<group>"; };
		143E77FE2C6E2ADA00BC0C15 /* GridViewModel.swift */ = {isa = PBXFileReference; lastKnownFileType = sourcecode.swift; path = GridViewModel.swift; sourceTree = "<group>"; };
		143E78032C6E4B6600BC0C15 /* RoundedCornerShape.swift */ = {isa = PBXFileReference; lastKnownFileType = sourcecode.swift; path = RoundedCornerShape.swift; sourceTree = "<group>"; };
		143E78052C6E525C00BC0C15 /* ListProductCard.swift */ = {isa = PBXFileReference; lastKnownFileType = sourcecode.swift; path = ListProductCard.swift; sourceTree = "<group>"; };
		143E78072C6E53BA00BC0C15 /* ListProductLeftView.swift */ = {isa = PBXFileReference; lastKnownFileType = sourcecode.swift; path = ListProductLeftView.swift; sourceTree = "<group>"; };
		143E78092C6E578D00BC0C15 /* ListProductRightView.swift */ = {isa = PBXFileReference; lastKnownFileType = sourcecode.swift; path = ListProductRightView.swift; sourceTree = "<group>"; };
		143E780B2C6E589600BC0C15 /* ProductModel.swift */ = {isa = PBXFileReference; lastKnownFileType = sourcecode.swift; path = ProductModel.swift; sourceTree = "<group>"; };
		143E780D2C6F4DFB00BC0C15 /* MainScreen.swift */ = {isa = PBXFileReference; lastKnownFileType = sourcecode.swift; path = MainScreen.swift; sourceTree = "<group>"; };
		143E780F2C6F62F100BC0C15 /* ConstraintConstants.swift */ = {isa = PBXFileReference; lastKnownFileType = sourcecode.swift; path = ConstraintConstants.swift; sourceTree = "<group>"; };
		143E78112C6F638A00BC0C15 /* StringsConstants.swift */ = {isa = PBXFileReference; lastKnownFileType = sourcecode.swift; path = StringsConstants.swift; sourceTree = "<group>"; };
		14692E632C6F698500DD698A /* ColorsConstants.swift */ = {isa = PBXFileReference; lastKnownFileType = sourcecode.swift; path = ColorsConstants.swift; sourceTree = "<group>"; };
		14692E652C6F711600DD698A /* FontConstants.swift */ = {isa = PBXFileReference; lastKnownFileType = sourcecode.swift; path = FontConstants.swift; sourceTree = "<group>"; };
/* End PBXFileReference section */

/* Begin PBXFrameworksBuildPhase section */
		143E77D92C6B8AF100BC0C15 /* Frameworks */ = {
			isa = PBXFrameworksBuildPhase;
			buildActionMask = 2147483647;
			files = (
			);
			runOnlyForDeploymentPostprocessing = 0;
		};
/* End PBXFrameworksBuildPhase section */

/* Begin PBXGroup section */
		143E77D32C6B8AF100BC0C15 = {
			isa = PBXGroup;
			children = (
				143E77DE2C6B8AF100BC0C15 /* SparTestProject */,
				143E77DD2C6B8AF100BC0C15 /* Products */,
			);
			sourceTree = "<group>";
		};
		143E77DD2C6B8AF100BC0C15 /* Products */ = {
			isa = PBXGroup;
			children = (
				143E77DC2C6B8AF100BC0C15 /* SparTestProject.app */,
			);
			name = Products;
			sourceTree = "<group>";
		};
		143E77DE2C6B8AF100BC0C15 /* SparTestProject */ = {
			isa = PBXGroup;
			children = (
				143E78022C6E4B4A00BC0C15 /* Helpers */,
				143E77FD2C6E2AC300BC0C15 /* ViewModels */,
				143E77F02C6B957D00BC0C15 /* Views */,
				143E77EF2C6B956F00BC0C15 /* Models */,
				143E77DF2C6B8AF100BC0C15 /* SparTestProjectApp.swift */,
				143E77E32C6B8AF400BC0C15 /* Assets.xcassets */,
				143E77E52C6B8AF400BC0C15 /* Preview Content */,
			);
			path = SparTestProject;
			sourceTree = "<group>";
		};
		143E77E52C6B8AF400BC0C15 /* Preview Content */ = {
			isa = PBXGroup;
			children = (
				143E77E62C6B8AF400BC0C15 /* Preview Assets.xcassets */,
			);
			path = "Preview Content";
			sourceTree = "<group>";
		};
		143E77EF2C6B956F00BC0C15 /* Models */ = {
			isa = PBXGroup;
			children = (
				143E780B2C6E589600BC0C15 /* ProductModel.swift */,
			);
			path = Models;
			sourceTree = "<group>";
		};
		143E77F02C6B957D00BC0C15 /* Views */ = {
			isa = PBXGroup;
			children = (
				143E780D2C6F4DFB00BC0C15 /* MainScreen.swift */,
				143E77F82C6E18DE00BC0C15 /* ProductsGrid.swift */,
				143E77FA2C6E287D00BC0C15 /* ProductsList.swift */,
				143E77FC2C6E288B00BC0C15 /* ListProductCard */,
				143E77F32C6BCDD900BC0C15 /* GridProductCard */,
			);
			path = Views;
			sourceTree = "<group>";
		};
		143E77F32C6BCDD900BC0C15 /* GridProductCard */ = {
			isa = PBXGroup;
			children = (
				143E77F12C6B95A100BC0C15 /* GridProductCardView.swift */,
				143E77F42C6BCE9000BC0C15 /* GridProductCardTopView.swift */,
				143E77F62C6CB80F00BC0C15 /* GridProductCardBottomView.swift */,
			);
			path = GridProductCard;
			sourceTree = "<group>";
		};
		143E77FC2C6E288B00BC0C15 /* ListProductCard */ = {
			isa = PBXGroup;
			children = (
				143E78052C6E525C00BC0C15 /* ListProductCard.swift */,
				143E78072C6E53BA00BC0C15 /* ListProductLeftView.swift */,
				143E78092C6E578D00BC0C15 /* ListProductRightView.swift */,
			);
			path = ListProductCard;
			sourceTree = "<group>";
		};
		143E77FD2C6E2AC300BC0C15 /* ViewModels */ = {
			isa = PBXGroup;
			children = (
				143E77FE2C6E2ADA00BC0C15 /* GridViewModel.swift */,
			);
			path = ViewModels;
			sourceTree = "<group>";
		};
		143E78022C6E4B4A00BC0C15 /* Helpers */ = {
			isa = PBXGroup;
			children = (
				143E78032C6E4B6600BC0C15 /* RoundedCornerShape.swift */,
				143E780F2C6F62F100BC0C15 /* ConstraintConstants.swift */,
				143E78112C6F638A00BC0C15 /* StringsConstants.swift */,
				14692E632C6F698500DD698A /* ColorsConstants.swift */,
				14692E652C6F711600DD698A /* FontConstants.swift */,
			);
			path = Helpers;
			sourceTree = "<group>";
		};
/* End PBXGroup section */

/* Begin PBXNativeTarget section */
		143E77DB2C6B8AF100BC0C15 /* SparTestProject */ = {
			isa = PBXNativeTarget;
			buildConfigurationList = 143E77EA2C6B8AF400BC0C15 /* Build configuration list for PBXNativeTarget "SparTestProject" */;
			buildPhases = (
				143E77D82C6B8AF100BC0C15 /* Sources */,
				143E77D92C6B8AF100BC0C15 /* Frameworks */,
				143E77DA2C6B8AF100BC0C15 /* Resources */,
			);
			buildRules = (
			);
			dependencies = (
			);
			name = SparTestProject;
			productName = SparTestProject;
			productReference = 143E77DC2C6B8AF100BC0C15 /* SparTestProject.app */;
			productType = "com.apple.product-type.application";
		};
/* End PBXNativeTarget section */

/* Begin PBXProject section */
		143E77D42C6B8AF100BC0C15 /* Project object */ = {
			isa = PBXProject;
			attributes = {
				BuildIndependentTargetsInParallel = 1;
				LastSwiftUpdateCheck = 1530;
				LastUpgradeCheck = 1530;
				TargetAttributes = {
					143E77DB2C6B8AF100BC0C15 = {
						CreatedOnToolsVersion = 15.3;
					};
				};
			};
			buildConfigurationList = 143E77D72C6B8AF100BC0C15 /* Build configuration list for PBXProject "SparTestProject" */;
			compatibilityVersion = "Xcode 14.0";
			developmentRegion = en;
			hasScannedForEncodings = 0;
			knownRegions = (
				en,
				Base,
			);
			mainGroup = 143E77D32C6B8AF100BC0C15;
			productRefGroup = 143E77DD2C6B8AF100BC0C15 /* Products */;
			projectDirPath = "";
			projectRoot = "";
			targets = (
				143E77DB2C6B8AF100BC0C15 /* SparTestProject */,
			);
		};
/* End PBXProject section */

/* Begin PBXResourcesBuildPhase section */
		143E77DA2C6B8AF100BC0C15 /* Resources */ = {
			isa = PBXResourcesBuildPhase;
			buildActionMask = 2147483647;
			files = (
				143E77E72C6B8AF400BC0C15 /* Preview Assets.xcassets in Resources */,
				143E77E42C6B8AF400BC0C15 /* Assets.xcassets in Resources */,
			);
			runOnlyForDeploymentPostprocessing = 0;
		};
/* End PBXResourcesBuildPhase section */

/* Begin PBXSourcesBuildPhase section */
		143E77D82C6B8AF100BC0C15 /* Sources */ = {
			isa = PBXSourcesBuildPhase;
			buildActionMask = 2147483647;
			files = (
				14692E662C6F711600DD698A /* FontConstants.swift in Sources */,
				143E77F22C6B95A100BC0C15 /* GridProductCardView.swift in Sources */,
				143E780A2C6E578D00BC0C15 /* ListProductRightView.swift in Sources */,
				143E77F92C6E18DE00BC0C15 /* ProductsGrid.swift in Sources */,
				14692E642C6F698500DD698A /* ColorsConstants.swift in Sources */,
				143E78082C6E53BA00BC0C15 /* ListProductLeftView.swift in Sources */,
				143E78102C6F62F100BC0C15 /* ConstraintConstants.swift in Sources */,
				143E780C2C6E589600BC0C15 /* ProductModel.swift in Sources */,
				143E78062C6E525C00BC0C15 /* ListProductCard.swift in Sources */,
				143E77FF2C6E2ADA00BC0C15 /* GridViewModel.swift in Sources */,
				143E780E2C6F4DFB00BC0C15 /* MainScreen.swift in Sources */,
				143E78042C6E4B6600BC0C15 /* RoundedCornerShape.swift in Sources */,
				143E77E02C6B8AF100BC0C15 /* SparTestProjectApp.swift in Sources */,
				143E77F52C6BCE9000BC0C15 /* GridProductCardTopView.swift in Sources */,
				143E78122C6F638A00BC0C15 /* StringsConstants.swift in Sources */,
				143E77FB2C6E287D00BC0C15 /* ProductsList.swift in Sources */,
				143E77F72C6CB80F00BC0C15 /* GridProductCardBottomView.swift in Sources */,
			);
			runOnlyForDeploymentPostprocessing = 0;
		};
/* End PBXSourcesBuildPhase section */

/* Begin XCBuildConfiguration section */
		143E77E82C6B8AF400BC0C15 /* Debug */ = {
			isa = XCBuildConfiguration;
			buildSettings = {
				ALWAYS_SEARCH_USER_PATHS = NO;
				ASSETCATALOG_COMPILER_GENERATE_SWIFT_ASSET_SYMBOL_EXTENSIONS = YES;
				CLANG_ANALYZER_NONNULL = YES;
				CLANG_ANALYZER_NUMBER_OBJECT_CONVERSION = YES_AGGRESSIVE;
				CLANG_CXX_LANGUAGE_STANDARD = "gnu++20";
				CLANG_ENABLE_MODULES = YES;
				CLANG_ENABLE_OBJC_ARC = YES;
				CLANG_ENABLE_OBJC_WEAK = YES;
				CLANG_WARN_BLOCK_CAPTURE_AUTORELEASING = YES;
				CLANG_WARN_BOOL_CONVERSION = YES;
				CLANG_WARN_COMMA = YES;
				CLANG_WARN_CONSTANT_CONVERSION = YES;
				CLANG_WARN_DEPRECATED_OBJC_IMPLEMENTATIONS = YES;
				CLANG_WARN_DIRECT_OBJC_ISA_USAGE = YES_ERROR;
				CLANG_WARN_DOCUMENTATION_COMMENTS = YES;
				CLANG_WARN_EMPTY_BODY = YES;
				CLANG_WARN_ENUM_CONVERSION = YES;
				CLANG_WARN_INFINITE_RECURSION = YES;
				CLANG_WARN_INT_CONVERSION = YES;
				CLANG_WARN_NON_LITERAL_NULL_CONVERSION = YES;
				CLANG_WARN_OBJC_IMPLICIT_RETAIN_SELF = YES;
				CLANG_WARN_OBJC_LITERAL_CONVERSION = YES;
				CLANG_WARN_OBJC_ROOT_CLASS = YES_ERROR;
				CLANG_WARN_QUOTED_INCLUDE_IN_FRAMEWORK_HEADER = YES;
				CLANG_WARN_RANGE_LOOP_ANALYSIS = YES;
				CLANG_WARN_STRICT_PROTOTYPES = YES;
				CLANG_WARN_SUSPICIOUS_MOVE = YES;
				CLANG_WARN_UNGUARDED_AVAILABILITY = YES_AGGRESSIVE;
				CLANG_WARN_UNREACHABLE_CODE = YES;
				CLANG_WARN__DUPLICATE_METHOD_MATCH = YES;
				COPY_PHASE_STRIP = NO;
				DEBUG_INFORMATION_FORMAT = dwarf;
				ENABLE_STRICT_OBJC_MSGSEND = YES;
				ENABLE_TESTABILITY = YES;
				ENABLE_USER_SCRIPT_SANDBOXING = YES;
				GCC_C_LANGUAGE_STANDARD = gnu17;
				GCC_DYNAMIC_NO_PIC = NO;
				GCC_NO_COMMON_BLOCKS = YES;
				GCC_OPTIMIZATION_LEVEL = 0;
				GCC_PREPROCESSOR_DEFINITIONS = (
					"DEBUG=1",
					"$(inherited)",
				);
				GCC_WARN_64_TO_32_BIT_CONVERSION = YES;
				GCC_WARN_ABOUT_RETURN_TYPE = YES_ERROR;
				GCC_WARN_UNDECLARED_SELECTOR = YES;
				GCC_WARN_UNINITIALIZED_AUTOS = YES_AGGRESSIVE;
				GCC_WARN_UNUSED_FUNCTION = YES;
				GCC_WARN_UNUSED_VARIABLE = YES;
				IPHONEOS_DEPLOYMENT_TARGET = 17.4;
				LOCALIZATION_PREFERS_STRING_CATALOGS = YES;
				MTL_ENABLE_DEBUG_INFO = INCLUDE_SOURCE;
				MTL_FAST_MATH = YES;
				ONLY_ACTIVE_ARCH = YES;
				SDKROOT = iphoneos;
				SWIFT_ACTIVE_COMPILATION_CONDITIONS = "DEBUG $(inherited)";
				SWIFT_OPTIMIZATION_LEVEL = "-Onone";
			};
			name = Debug;
		};
		143E77E92C6B8AF400BC0C15 /* Release */ = {
			isa = XCBuildConfiguration;
			buildSettings = {
				ALWAYS_SEARCH_USER_PATHS = NO;
				ASSETCATALOG_COMPILER_GENERATE_SWIFT_ASSET_SYMBOL_EXTENSIONS = YES;
				CLANG_ANALYZER_NONNULL = YES;
				CLANG_ANALYZER_NUMBER_OBJECT_CONVERSION = YES_AGGRESSIVE;
				CLANG_CXX_LANGUAGE_STANDARD = "gnu++20";
				CLANG_ENABLE_MODULES = YES;
				CLANG_ENABLE_OBJC_ARC = YES;
				CLANG_ENABLE_OBJC_WEAK = YES;
				CLANG_WARN_BLOCK_CAPTURE_AUTORELEASING = YES;
				CLANG_WARN_BOOL_CONVERSION = YES;
				CLANG_WARN_COMMA = YES;
				CLANG_WARN_CONSTANT_CONVERSION = YES;
				CLANG_WARN_DEPRECATED_OBJC_IMPLEMENTATIONS = YES;
				CLANG_WARN_DIRECT_OBJC_ISA_USAGE = YES_ERROR;
				CLANG_WARN_DOCUMENTATION_COMMENTS = YES;
				CLANG_WARN_EMPTY_BODY = YES;
				CLANG_WARN_ENUM_CONVERSION = YES;
				CLANG_WARN_INFINITE_RECURSION = YES;
				CLANG_WARN_INT_CONVERSION = YES;
				CLANG_WARN_NON_LITERAL_NULL_CONVERSION = YES;
				CLANG_WARN_OBJC_IMPLICIT_RETAIN_SELF = YES;
				CLANG_WARN_OBJC_LITERAL_CONVERSION = YES;
				CLANG_WARN_OBJC_ROOT_CLASS = YES_ERROR;
				CLANG_WARN_QUOTED_INCLUDE_IN_FRAMEWORK_HEADER = YES;
				CLANG_WARN_RANGE_LOOP_ANALYSIS = YES;
				CLANG_WARN_STRICT_PROTOTYPES = YES;
				CLANG_WARN_SUSPICIOUS_MOVE = YES;
				CLANG_WARN_UNGUARDED_AVAILABILITY = YES_AGGRESSIVE;
				CLANG_WARN_UNREACHABLE_CODE = YES;
				CLANG_WARN__DUPLICATE_METHOD_MATCH = YES;
				COPY_PHASE_STRIP = NO;
				DEBUG_INFORMATION_FORMAT = "dwarf-with-dsym";
				ENABLE_NS_ASSERTIONS = NO;
				ENABLE_STRICT_OBJC_MSGSEND = YES;
				ENABLE_USER_SCRIPT_SANDBOXING = YES;
				GCC_C_LANGUAGE_STANDARD = gnu17;
				GCC_NO_COMMON_BLOCKS = YES;
				GCC_WARN_64_TO_32_BIT_CONVERSION = YES;
				GCC_WARN_ABOUT_RETURN_TYPE = YES_ERROR;
				GCC_WARN_UNDECLARED_SELECTOR = YES;
				GCC_WARN_UNINITIALIZED_AUTOS = YES_AGGRESSIVE;
				GCC_WARN_UNUSED_FUNCTION = YES;
				GCC_WARN_UNUSED_VARIABLE = YES;
				IPHONEOS_DEPLOYMENT_TARGET = 17.4;
				LOCALIZATION_PREFERS_STRING_CATALOGS = YES;
				MTL_ENABLE_DEBUG_INFO = NO;
				MTL_FAST_MATH = YES;
				SDKROOT = iphoneos;
				SWIFT_COMPILATION_MODE = wholemodule;
				VALIDATE_PRODUCT = YES;
			};
			name = Release;
		};
		143E77EB2C6B8AF400BC0C15 /* Debug */ = {
			isa = XCBuildConfiguration;
			buildSettings = {
				ASSETCATALOG_COMPILER_APPICON_NAME = AppIcon;
				ASSETCATALOG_COMPILER_GLOBAL_ACCENT_COLOR_NAME = AccentColor;
				CODE_SIGN_STYLE = Automatic;
				CURRENT_PROJECT_VERSION = 1;
				DEVELOPMENT_ASSET_PATHS = "\"SparTestProject/Preview Content\"";
				DEVELOPMENT_TEAM = 9K3XU9A2YK;
				ENABLE_PREVIEWS = YES;
				GENERATE_INFOPLIST_FILE = YES;
				INFOPLIST_KEY_UIApplicationSceneManifest_Generation = YES;
				INFOPLIST_KEY_UIApplicationSupportsIndirectInputEvents = YES;
				INFOPLIST_KEY_UILaunchScreen_Generation = YES;
				INFOPLIST_KEY_UISupportedInterfaceOrientations_iPad = "UIInterfaceOrientationPortrait UIInterfaceOrientationPortraitUpsideDown UIInterfaceOrientationLandscapeLeft UIInterfaceOrientationLandscapeRight";
				INFOPLIST_KEY_UISupportedInterfaceOrientations_iPhone = "UIInterfaceOrientationPortrait UIInterfaceOrientationLandscapeLeft UIInterfaceOrientationLandscapeRight";
				LD_RUNPATH_SEARCH_PATHS = (
					"$(inherited)",
					"@executable_path/Frameworks",
				);
				MARKETING_VERSION = 1.0;
				PRODUCT_BUNDLE_IDENTIFIER = akhairullina.SparTestProject;
				PRODUCT_NAME = "$(TARGET_NAME)";
				SWIFT_EMIT_LOC_STRINGS = YES;
				SWIFT_VERSION = 5.0;
				TARGETED_DEVICE_FAMILY = "1,2";
			};
			name = Debug;
		};
		143E77EC2C6B8AF400BC0C15 /* Release */ = {
			isa = XCBuildConfiguration;
			buildSettings = {
				ASSETCATALOG_COMPILER_APPICON_NAME = AppIcon;
				ASSETCATALOG_COMPILER_GLOBAL_ACCENT_COLOR_NAME = AccentColor;
				CODE_SIGN_STYLE = Automatic;
				CURRENT_PROJECT_VERSION = 1;
				DEVELOPMENT_ASSET_PATHS = "\"SparTestProject/Preview Content\"";
				DEVELOPMENT_TEAM = 9K3XU9A2YK;
				ENABLE_PREVIEWS = YES;
				GENERATE_INFOPLIST_FILE = YES;
				INFOPLIST_KEY_UIApplicationSceneManifest_Generation = YES;
				INFOPLIST_KEY_UIApplicationSupportsIndirectInputEvents = YES;
				INFOPLIST_KEY_UILaunchScreen_Generation = YES;
				INFOPLIST_KEY_UISupportedInterfaceOrientations_iPad = "UIInterfaceOrientationPortrait UIInterfaceOrientationPortraitUpsideDown UIInterfaceOrientationLandscapeLeft UIInterfaceOrientationLandscapeRight";
				INFOPLIST_KEY_UISupportedInterfaceOrientations_iPhone = "UIInterfaceOrientationPortrait UIInterfaceOrientationLandscapeLeft UIInterfaceOrientationLandscapeRight";
				LD_RUNPATH_SEARCH_PATHS = (
					"$(inherited)",
					"@executable_path/Frameworks",
				);
				MARKETING_VERSION = 1.0;
				PRODUCT_BUNDLE_IDENTIFIER = akhairullina.SparTestProject;
				PRODUCT_NAME = "$(TARGET_NAME)";
				SWIFT_EMIT_LOC_STRINGS = YES;
				SWIFT_VERSION = 5.0;
				TARGETED_DEVICE_FAMILY = "1,2";
			};
			name = Release;
		};
/* End XCBuildConfiguration section */

/* Begin XCConfigurationList section */
		143E77D72C6B8AF100BC0C15 /* Build configuration list for PBXProject "SparTestProject" */ = {
			isa = XCConfigurationList;
			buildConfigurations = (
				143E77E82C6B8AF400BC0C15 /* Debug */,
				143E77E92C6B8AF400BC0C15 /* Release */,
			);
			defaultConfigurationIsVisible = 0;
			defaultConfigurationName = Release;
		};
		143E77EA2C6B8AF400BC0C15 /* Build configuration list for PBXNativeTarget "SparTestProject" */ = {
			isa = XCConfigurationList;
			buildConfigurations = (
				143E77EB2C6B8AF400BC0C15 /* Debug */,
				143E77EC2C6B8AF400BC0C15 /* Release */,
			);
			defaultConfigurationIsVisible = 0;
			defaultConfigurationName = Release;
		};
/* End XCConfigurationList section */
	};
	rootObject = 143E77D42C6B8AF100BC0C15 /* Project object */;
}
